
Microsoft Visual Studio Solution File, Format Version 12.00
# Visual Studio 15
VisualStudioVersion = 15.0.28010.2003
MinimumVisualStudioVersion = 10.0.40219.1
Project("{9A19103F-16F7-4668-BE54-9A1E7A4F7556}") = "VdarApi", "VdarApi\VdarApi.csproj", "{3F5B7C77-EACF-4B43-9503-4AD3F00B26AA}"
EndProject
Project("{FAE04EC0-301F-11D3-BF4B-00C04F79EFBC}") = "Contracts", "Contracts\Contracts.csproj", "{183BA5CF-A796-4B1D-9CFA-C963B31947C6}"
EndProject
Project("{FAE04EC0-301F-11D3-BF4B-00C04F79EFBC}") = "LoggerService", "LoggerService\LoggerService.csproj", "{9F512219-CDE5-4AFD-9130-341733CE3E64}"
EndProject
Project("{FAE04EC0-301F-11D3-BF4B-00C04F79EFBC}") = "Repository", "Repository\Repository.csproj", "{AA8B7508-53F2-404F-BB62-7EB3FEE91117}"
EndProject
Project("{FAE04EC0-301F-11D3-BF4B-00C04F79EFBC}") = "Entities", "Entities\Entities.csproj", "{0BB55D58-DF62-4FE8-9C93-DEC9D365D3D3}"
EndProject
Project("{FAE04EC0-301F-11D3-BF4B-00C04F79EFBC}") = "TokenService", "TokenService\TokenService.csproj", "{FD75A604-45F2-4F0C-8735-5AD1BE166639}"
EndProject
Project("{FAE04EC0-301F-11D3-BF4B-00C04F79EFBC}") = "Helpers", "Helpers\Helpers.csproj", "{7E6AADA5-465E-4769-8771-ACEE254E00C1}"
EndProject
Global
	GlobalSection(SolutionConfigurationPlatforms) = preSolution
		Debug|Any CPU = Debug|Any CPU
		Release|Any CPU = Release|Any CPU
	EndGlobalSection
	GlobalSection(ProjectConfigurationPlatforms) = postSolution
		{3F5B7C77-EACF-4B43-9503-4AD3F00B26AA}.Debug|Any CPU.ActiveCfg = Debug|Any CPU
		{3F5B7C77-EACF-4B43-9503-4AD3F00B26AA}.Debug|Any CPU.Build.0 = Debug|Any CPU
		{3F5B7C77-EACF-4B43-9503-4AD3F00B26AA}.Release|Any CPU.ActiveCfg = Release|Any CPU
		{3F5B7C77-EACF-4B43-9503-4AD3F00B26AA}.Release|Any CPU.Build.0 = Release|Any CPU
		{183BA5CF-A796-4B1D-9CFA-C963B31947C6}.Debug|Any CPU.ActiveCfg = Debug|Any CPU
		{183BA5CF-A796-4B1D-9CFA-C963B31947C6}.Debug|Any CPU.Build.0 = Debug|Any CPU
		{183BA5CF-A796-4B1D-9CFA-C963B31947C6}.Release|Any CPU.ActiveCfg = Release|Any CPU
		{183BA5CF-A796-4B1D-9CFA-C963B31947C6}.Release|Any CPU.Build.0 = Release|Any CPU
		{9F512219-CDE5-4AFD-9130-341733CE3E64}.Debug|Any CPU.ActiveCfg = Debug|Any CPU
		{9F512219-CDE5-4AFD-9130-341733CE3E64}.Debug|Any CPU.Build.0 = Debug|Any CPU
		{9F512219-CDE5-4AFD-9130-341733CE3E64}.Release|Any CPU.ActiveCfg = Release|Any CPU
		{9F512219-CDE5-4AFD-9130-341733CE3E64}.Release|Any CPU.Build.0 = Release|Any CPU
		{AA8B7508-53F2-404F-BB62-7EB3FEE91117}.Debug|Any CPU.ActiveCfg = Debug|Any CPU
		{AA8B7508-53F2-404F-BB62-7EB3FEE91117}.Debug|Any CPU.Build.0 = Debug|Any CPU
		{AA8B7508-53F2-404F-BB62-7EB3FEE91117}.Release|Any CPU.ActiveCfg = Release|Any CPU
		{AA8B7508-53F2-404F-BB62-7EB3FEE91117}.Release|Any CPU.Build.0 = Release|Any CPU
		{0BB55D58-DF62-4FE8-9C93-DEC9D365D3D3}.Debug|Any CPU.ActiveCfg = Debug|Any CPU
		{0BB55D58-DF62-4FE8-9C93-DEC9D365D3D3}.Debug|Any CPU.Build.0 = Debug|Any CPU
		{0BB55D58-DF62-4FE8-9C93-DEC9D365D3D3}.Release|Any CPU.ActiveCfg = Release|Any CPU
		{0BB55D58-DF62-4FE8-9C93-DEC9D365D3D3}.Release|Any CPU.Build.0 = Release|Any CPU
		{FD75A604-45F2-4F0C-8735-5AD1BE166639}.Debug|Any CPU.ActiveCfg = Debug|Any CPU
		{FD75A604-45F2-4F0C-8735-5AD1BE166639}.Debug|Any CPU.Build.0 = Debug|Any CPU
		{FD75A604-45F2-4F0C-8735-5AD1BE166639}.Release|Any CPU.ActiveCfg = Release|Any CPU
		{FD75A604-45F2-4F0C-8735-5AD1BE166639}.Release|Any CPU.Build.0 = Release|Any CPU
		{7E6AADA5-465E-4769-8771-ACEE254E00C1}.Debug|Any CPU.ActiveCfg = Debug|Any CPU
		{7E6AADA5-465E-4769-8771-ACEE254E00C1}.Debug|Any CPU.Build.0 = Debug|Any CPU
		{7E6AADA5-465E-4769-8771-ACEE254E00C1}.Release|Any CPU.ActiveCfg = Release|Any CPU
		{7E6AADA5-465E-4769-8771-ACEE254E00C1}.Release|Any CPU.Build.0 = Release|Any CPU
	EndGlobalSection
	GlobalSection(SolutionProperties) = preSolution
		HideSolutionNode = FALSE
	EndGlobalSection
	GlobalSection(ExtensibilityGlobals) = postSolution
		SolutionGuid = {4D24B3A7-8F14-4D5B-B884-1A0D4E59A8E2}
	EndGlobalSection
EndGlobal
